
Microsoft Visual Studio Solution File, Format Version 12.00
# Visual Studio 2013
VisualStudioVersion = 12.0.30501.0
MinimumVisualStudioVersion = 10.0.40219.1
Project("{FAE04EC0-301F-11D3-BF4B-00C04F79EFBC}") = "FoodUi", "FoodUi.csproj", "{CBBC0F28-850D-4DEE-B9C5-38E1A59E5D3D}"
EndProject
Project("{FAE04EC0-301F-11D3-BF4B-00C04F79EFBC}") = "FoodApi", "..\..\FoodApi\FoodApi\FoodApi.csproj", "{436DAF79-A563-4585-BC74-F880B956AD7E}"
EndProject
Project("{FAE04EC0-301F-11D3-BF4B-00C04F79EFBC}") = "FoodBl", "..\..\FoodBl\FoodBl.csproj", "{841319B4-D427-4EEA-8BED-E36BD99BE904}"
EndProject
Global
	GlobalSection(SolutionConfigurationPlatforms) = preSolution
		Debug|Any CPU = Debug|Any CPU
		Release|Any CPU = Release|Any CPU
	EndGlobalSection
	GlobalSection(ProjectConfigurationPlatforms) = postSolution
		{CBBC0F28-850D-4DEE-B9C5-38E1A59E5D3D}.Debug|Any CPU.ActiveCfg = Debug|Any CPU
		{CBBC0F28-850D-4DEE-B9C5-38E1A59E5D3D}.Debug|Any CPU.Build.0 = Debug|Any CPU
		{CBBC0F28-850D-4DEE-B9C5-38E1A59E5D3D}.Release|Any CPU.ActiveCfg = Release|Any CPU
		{CBBC0F28-850D-4DEE-B9C5-38E1A59E5D3D}.Release|Any CPU.Build.0 = Release|Any CPU
		{436DAF79-A563-4585-BC74-F880B956AD7E}.Debug|Any CPU.ActiveCfg = Debug|Any CPU
		{436DAF79-A563-4585-BC74-F880B956AD7E}.Debug|Any CPU.Build.0 = Debug|Any CPU
		{436DAF79-A563-4585-BC74-F880B956AD7E}.Release|Any CPU.ActiveCfg = Release|Any CPU
		{436DAF79-A563-4585-BC74-F880B956AD7E}.Release|Any CPU.Build.0 = Release|Any CPU
		{841319B4-D427-4EEA-8BED-E36BD99BE904}.Debug|Any CPU.ActiveCfg = Debug|Any CPU
		{841319B4-D427-4EEA-8BED-E36BD99BE904}.Debug|Any CPU.Build.0 = Debug|Any CPU
		{841319B4-D427-4EEA-8BED-E36BD99BE904}.Release|Any CPU.ActiveCfg = Release|Any CPU
		{841319B4-D427-4EEA-8BED-E36BD99BE904}.Release|Any CPU.Build.0 = Release|Any CPU
	EndGlobalSection
	GlobalSection(SolutionProperties) = preSolution
		HideSolutionNode = FALSE
	EndGlobalSection
EndGlobal
